Microsoft Visual Studio Solution File, Format Version 12.00
# Visual Studio Version 16
VisualStudioVersion = 16.0.29411.108
MinimumVisualStudioVersion = 10.0.40219.1
Project("{FAE04EC0-301F-11D3-BF4B-00C04F79EFBC}") = "Aspose.Pdf.Cloud.Sdk", "src\Aspose.Pdf.Cloud.Sdk\Aspose.Pdf.Cloud.Sdk.csproj", "{7AAE99B5-38CC-49C2-918C-B06E5E275C79}"
EndProject
Project("{FAE04EC0-301F-11D3-BF4B-00C04F79EFBC}") = "Aspose.Pdf.Cloud.Sdk.Test", "src\Aspose.Pdf.Cloud.Sdk.Test\Aspose.Pdf.Cloud.Sdk.Test.csproj", "{19F1DEBC-DE5E-4517-8062-F000CD499087}"
EndProject
Project("{FAE04EC0-301F-11D3-BF4B-00C04F79EFBC}") = "Aspose.PDF.Cloud.Examples", "Aspose.PDF.Cloud.Examples\Aspose.PDF.Cloud.Examples.csproj", "{B38D6FD5-EFE5-4153-8CBD-FF98794B88B0}"
EndProject
Global
	GlobalSection(SolutionConfigurationPlatforms) = preSolution
		Debug|Any CPU = Debug|Any CPU
		Release|Any CPU = Release|Any CPU
	EndGlobalSection
	GlobalSection(ProjectConfigurationPlatforms) = postSolution
		{7AAE99B5-38CC-49C2-918C-B06E5E275C79}.Debug|Any CPU.ActiveCfg = Debug|Any CPU
		{7AAE99B5-38CC-49C2-918C-B06E5E275C79}.Debug|Any CPU.Build.0 = Debug|Any CPU
		{7AAE99B5-38CC-49C2-918C-B06E5E275C79}.Release|Any CPU.ActiveCfg = Release|Any CPU
		{7AAE99B5-38CC-49C2-918C-B06E5E275C79}.Release|Any CPU.Build.0 = Release|Any CPU
		{19F1DEBC-DE5E-4517-8062-F000CD499087}.Debug|Any CPU.ActiveCfg = Debug|Any CPU
		{19F1DEBC-DE5E-4517-8062-F000CD499087}.Debug|Any CPU.Build.0 = Debug|Any CPU
		{19F1DEBC-DE5E-4517-8062-F000CD499087}.Release|Any CPU.ActiveCfg = Release|Any CPU
		{19F1DEBC-DE5E-4517-8062-F000CD499087}.Release|Any CPU.Build.0 = Release|Any CPU
		{B38D6FD5-EFE5-4153-8CBD-FF98794B88B0}.Debug|Any CPU.ActiveCfg = Debug|Any CPU
		{B38D6FD5-EFE5-4153-8CBD-FF98794B88B0}.Debug|Any CPU.Build.0 = Debug|Any CPU
		{B38D6FD5-EFE5-4153-8CBD-FF98794B88B0}.Release|Any CPU.ActiveCfg = Release|Any CPU
		{B38D6FD5-EFE5-4153-8CBD-FF98794B88B0}.Release|Any CPU.Build.0 = Release|Any CPU
	EndGlobalSection
	GlobalSection(SolutionProperties) = preSolution
		HideSolutionNode = FALSE
	EndGlobalSection
	GlobalSection(ExtensibilityGlobals) = postSolution
		SolutionGuid = {B093F56F-27F9-423F-AA4C-E4115E12A7CB}
	EndGlobalSection
EndGlobal
